// !$*UTF8*$!
{
	archiveVersion = 1;
	classes = {
	};
	objectVersion = 46;
	objects = {

/* Begin PBXBuildFile section */
		C916822D1AB605DF001972FD /* AppDelegate.swift in Sources */ = {isa = PBXBuildFile; fileRef = C916822C1AB605DF001972FD /* AppDelegate.swift */; };
		C916822F1AB605DF001972FD /* ViewController.swift in Sources */ = {isa = PBXBuildFile; fileRef = C916822E1AB605DF001972FD /* ViewController.swift */; };
		C91682321AB605DF001972FD /* Main.storyboard in Resources */ = {isa = PBXBuildFile; fileRef = C91682301AB605DF001972FD /* Main.storyboard */; };
		C91682341AB605DF001972FD /* Images.xcassets in Resources */ = {isa = PBXBuildFile; fileRef = C91682331AB605DF001972FD /* Images.xcassets */; };
		C91682371AB605DF001972FD /* LaunchScreen.xib in Resources */ = {isa = PBXBuildFile; fileRef = C91682351AB605DF001972FD /* LaunchScreen.xib */; };
		C91682431AB605E0001972FD /* Pitch_PerfectTests.swift in Sources */ = {isa = PBXBuildFile; fileRef = C91682421AB605E0001972FD /* Pitch_PerfectTests.swift */; };
/* End PBXBuildFile section */

/* Begin PBXContainerItemProxy section */
		C916823D1AB605E0001972FD /* PBXContainerItemProxy */ = {
			isa = PBXContainerItemProxy;
			containerPortal = C916821F1AB605DF001972FD /* Project object */;
			proxyType = 1;
			remoteGlobalIDString = C91682261AB605DF001972FD;
			remoteInfo = "Pitch Perfect";
		};
/* End PBXContainerItemProxy section */

/* Begin PBXFileReference section */
		C91682271AB605DF001972FD /* Pitch Perfect.app */ = {isa = PBXFileReference; explicitFileType = wrapper.application; includeInIndex = 0; path = "Pitch Perfect.app"; sourceTree = BUILT_PRODUCTS_DIR; };
		C916822B1AB605DF001972FD /* Info.plist */ = {isa = PBXFileReference; lastKnownFileType = text.plist.xml; path = Info.plist; sourceTree = "<group>"; };
		C916822C1AB605DF001972FD /* AppDelegate.swift */ = {isa = PBXFileReference; lastKnownFileType = sourcecode.swift; path = AppDelegate.swift; sourceTree = "<group>"; };
		C916822E1AB605DF001972FD /* ViewController.swift */ = {isa = PBXFileReference; lastKnownFileType = sourcecode.swift; path = ViewController.swift; sourceTree = "<group>"; };
		C91682311AB605DF001972FD /* Base */ = {isa = PBXFileReference; lastKnownFileType = file.storyboard; name = Base; path = Base.lproj/Main.storyboard; sourceTree = "<group>"; };
		C91682331AB605DF001972FD /* Images.xcassets */ = {isa = PBXFileReference; lastKnownFileType = folder.assetcatalog; path = Images.xcassets; sourceTree = "<group>"; };
		C91682361AB605DF001972FD /* Base */ = {isa = PBXFileReference; lastKnownFileType = file.xib; name = Base; path = Base.lproj/LaunchScreen.xib; sourceTree = "<group>"; };
		C916823C1AB605E0001972FD /* Pitch PerfectTests.xctest */ = {isa = PBXFileReference; explicitFileType = wrapper.cfbundle; includeInIndex = 0; path = "Pitch PerfectTests.xctest"; sourceTree = BUILT_PRODUCTS_DIR; };
		C91682411AB605E0001972FD /* Info.plist */ = {isa = PBXFileReference; lastKnownFileType = text.plist.xml; path = Info.plist; sourceTree = "<group>"; };
		C91682421AB605E0001972FD /* Pitch_PerfectTests.swift */ = {isa = PBXFileReference; lastKnownFileType = sourcecode.swift; path = Pitch_PerfectTests.swift; sourceTree = "<group>"; };
/* End PBXFileReference section */

/* Begin PBXFrameworksBuildPhase section */
		C91682241AB605DF001972FD /* Frameworks */ = {
			isa = PBXFrameworksBuildPhase;
			buildActionMask = 2147483647;
			files = (
			);
			runOnlyForDeploymentPostprocessing = 0;
		};
		C91682391AB605E0001972FD /* Frameworks */ = {
			isa = PBXFrameworksBuildPhase;
			buildActionMask = 2147483647;
			files = (
			);
			runOnlyForDeploymentPostprocessing = 0;
		};
/* End PBXFrameworksBuildPhase section */

/* Begin PBXGroup section */
		C916821E1AB605DF001972FD = {
			isa = PBXGroup;
			children = (
				C91682291AB605DF001972FD /* Pitch Perfect */,
				C916823F1AB605E0001972FD /* Pitch PerfectTests */,
				C91682281AB605DF001972FD /* Products */,
			);
			sourceTree = "<group>";
		};
		C91682281AB605DF001972FD /* Products */ = {
			isa = PBXGroup;
			children = (
				C91682271AB605DF001972FD /* Pitch Perfect.app */,
				C916823C1AB605E0001972FD /* Pitch PerfectTests.xctest */,
			);
			name = Products;
			sourceTree = "<group>";
		};
		C91682291AB605DF001972FD /* Pitch Perfect */ = {
			isa = PBXGroup;
			children = (
				C916822C1AB605DF001972FD /* AppDelegate.swift */,
				C916822E1AB605DF001972FD /* ViewController.swift */,
				C91682301AB605DF001972FD /* Main.storyboard */,
				C91682331AB605DF001972FD /* Images.xcassets */,
				C91682351AB605DF001972FD /* LaunchScreen.xib */,
				C916822A1AB605DF001972FD /* Supporting Files */,
			);
			path = "Pitch Perfect";
			sourceTree = "<group>";
		};
		C916822A1AB605DF001972FD /* Supporting Files */ = {
			isa = PBXGroup;
			children = (
				C916822B1AB605DF001972FD /* Info.plist */,
			);
			name = "Supporting Files";
			sourceTree = "<group>";
		};
		C916823F1AB605E0001972FD /* Pitch PerfectTests */ = {
			isa = PBXGroup;
			children = (
				C91682421AB605E0001972FD /* Pitch_PerfectTests.swift */,
				C91682401AB605E0001972FD /* Supporting Files */,
			);
			path = "Pitch PerfectTests";
			sourceTree = "<group>";
		};
		C91682401AB605E0001972FD /* Supporting Files */ = {
			isa = PBXGroup;
			children = (
				C91682411AB605E0001972FD /* Info.plist */,
			);
			name = "Supporting Files";
			sourceTree = "<group>";
		};
/* End PBXGroup section */

/* Begin PBXNativeTarget section */
		C91682261AB605DF001972FD /* Pitch Perfect */ = {
			isa = PBXNativeTarget;
			buildConfigurationList = C91682461AB605E0001972FD /* Build configuration list for PBXNativeTarget "Pitch Perfect" */;
			buildPhases = (
				C91682231AB605DF001972FD /* Sources */,
				C91682241AB605DF001972FD /* Frameworks */,
				C91682251AB605DF001972FD /* Resources */,
			);
			buildRules = (
			);
			dependencies = (
			);
			name = "Pitch Perfect";
			productName = "Pitch Perfect";
			productReference = C91682271AB605DF001972FD /* Pitch Perfect.app */;
			productType = "com.apple.product-type.application";
		};
		C916823B1AB605E0001972FD /* Pitch PerfectTests */ = {
			isa = PBXNativeTarget;
			buildConfigurationList = C91682491AB605E0001972FD /* Build configuration list for PBXNativeTarget "Pitch PerfectTests" */;
			buildPhases = (
				C91682381AB605E0001972FD /* Sources */,
				C91682391AB605E0001972FD /* Frameworks */,
				C916823A1AB605E0001972FD /* Resources */,
			);
			buildRules = (
			);
			dependencies = (
				C916823E1AB605E0001972FD /* PBXTargetDependency */,
			);
			name = "Pitch PerfectTests";
			productName = "Pitch PerfectTests";
			productReference = C916823C1AB605E0001972FD /* Pitch PerfectTests.xctest */;
			productType = "com.apple.product-type.bundle.unit-test";
		};
/* End PBXNativeTarget section */

/* Begin PBXProject section */
		C916821F1AB605DF001972FD /* Project object */ = {
			isa = PBXProject;
			attributes = {
				LastUpgradeCheck = 0610;
				ORGANIZATIONNAME = TopSoft;
				TargetAttributes = {
					C91682261AB605DF001972FD = {
						CreatedOnToolsVersion = 6.1.1;
					};
					C916823B1AB605E0001972FD = {
						CreatedOnToolsVersion = 6.1.1;
						TestTargetID = C91682261AB605DF001972FD;
					};
				};
			};
			buildConfigurationList = C91682221AB605DF001972FD /* Build configuration list for PBXProject "Pitch Perfect" */;
			compatibilityVersion = "Xcode 3.2";
			developmentRegion = English;
			hasScannedForEncodings = 0;
			knownRegions = (
				en,
				Base,
			);
			mainGroup = C916821E1AB605DF001972FD;
			productRefGroup = C91682281AB605DF001972FD /* Products */;
			projectDirPath = "";
			projectRoot = "";
			targets = (
				C91682261AB605DF001972FD /* Pitch Perfect */,
				C916823B1AB605E0001972FD /* Pitch PerfectTests */,
			);
		};
/* End PBXProject section */

/* Begin PBXResourcesBuildPhase section */
		C91682251AB605DF001972FD /* Resources */ = {
			isa = PBXResourcesBuildPhase;
			buildActionMask = 2147483647;
			files = (
				C91682321AB605DF001972FD /* Main.storyboard in Resources */,
				C91682371AB605DF001972FD /* LaunchScreen.xib in Resources */,
				C91682341AB605DF001972FD /* Images.xcassets in Resources */,
			);
			runOnlyForDeploymentPostprocessing = 0;
		};
		C916823A1AB605E0001972FD /* Resources */ = {
			isa = PBXResourcesBuildPhase;
			buildActionMask = 2147483647;
			files = (
			);
			runOnlyForDeploymentPostprocessing = 0;
		};
/* End PBXResourcesBuildPhase section */

/* Begin PBXSourcesBuildPhase section */
		C91682231AB605DF001972FD /* Sources */ = {
			isa = PBXSourcesBuildPhase;
			buildActionMask = 2147483647;
			files = (
				C916822F1AB605DF001972FD /* ViewController.swift in Sources */,
				C916822D1AB605DF001972FD /* AppDelegate.swift in Sources */,
			);
			runOnlyForDeploymentPostprocessing = 0;
		};
		C91682381AB605E0001972FD /* Sources */ = {
			isa = PBXSourcesBuildPhase;
			buildActionMask = 2147483647;
			files = (
				C91682431AB605E0001972FD /* Pitch_PerfectTests.swift in Sources */,
			);
			runOnlyForDeploymentPostprocessing = 0;
		};
/* End PBXSourcesBuildPhase section */

/* Begin PBXTargetDependency section */
		C916823E1AB605E0001972FD /* PBXTargetDependency */ = {
			isa = PBXTargetDependency;
			target = C91682261AB605DF001972FD /* Pitch Perfect */;
			targetProxy = C916823D1AB605E0001972FD /* PBXContainerItemProxy */;
		};
/* End PBXTargetDependency section */

/* Begin PBXVariantGroup section */
		C91682301AB605DF001972FD /* Main.storyboard */ = {
			isa = PBXVariantGroup;
			children = (
				C91682311AB605DF001972FD /* Base */,
			);
			name = Main.storyboard;
			sourceTree = "<group>";
		};
		C91682351AB605DF001972FD /* LaunchScreen.xib */ = {
			isa = PBXVariantGroup;
			children = (
				C91682361AB605DF001972FD /* Base */,
			);
			name = LaunchScreen.xib;
			sourceTree = "<group>";
		};
/* End PBXVariantGroup section */

/* Begin XCBuildConfiguration section */
		C91682441AB605E0001972FD /* Debug */ = {
			isa = XCBuildConfiguration;
			buildSettings = {
				ALWAYS_SEARCH_USER_PATHS = NO;
				CLANG_CXX_LANGUAGE_STANDARD = "gnu++0x";
				CLANG_CXX_LIBRARY = "libc++";
				CLANG_ENABLE_MODULES = YES;
				CLANG_ENABLE_OBJC_ARC = YES;
				CLANG_WARN_BOOL_CONVERSION = YES;
				CLANG_WARN_CONSTANT_CONVERSION = YES;
				CLANG_WARN_DIRECT_OBJC_ISA_USAGE = YES_ERROR;
				CLANG_WARN_EMPTY_BODY = YES;
				CLANG_WARN_ENUM_CONVERSION = YES;
				CLANG_WARN_INT_CONVERSION = YES;
				CLANG_WARN_OBJC_ROOT_CLASS = YES_ERROR;
				CLANG_WARN_UNREACHABLE_CODE = YES;
				CLANG_WARN__DUPLICATE_METHOD_MATCH = YES;
				"CODE_SIGN_IDENTITY[sdk=iphoneos*]" = "iPhone Developer";
				COPY_PHASE_STRIP = NO;
				ENABLE_STRICT_OBJC_MSGSEND = YES;
				GCC_C_LANGUAGE_STANDARD = gnu99;
				GCC_DYNAMIC_NO_PIC = NO;
				GCC_OPTIMIZATION_LEVEL = 0;
				GCC_PREPROCESSOR_DEFINITIONS = (
					"DEBUG=1",
					"$(inherited)",
				);
				GCC_SYMBOLS_PRIVATE_EXTERN = NO;
				GCC_WARN_64_TO_32_BIT_CONVERSION = YES;
				GCC_WARN_ABOUT_RETURN_TYPE = YES_ERROR;
				GCC_WARN_UNDECLARED_SELECTOR = YES;
				GCC_WARN_UNINITIALIZED_AUTOS = YES_AGGRESSIVE;
				GCC_WARN_UNUSED_FUNCTION = YES;
				GCC_WARN_UNUSED_VARIABLE = YES;
				IPHONEOS_DEPLOYMENT_TARGET = 8.1;
				MTL_ENABLE_DEBUG_INFO = YES;
				ONLY_ACTIVE_ARCH = YES;
				SDKROOT = iphoneos;
				SWIFT_OPTIMIZATION_LEVEL = "-Onone";
			};
			name = Debug;
		};
		C91682451AB605E0001972FD /* Release */ = {
			isa = XCBuildConfiguration;
			buildSettings = {
				ALWAYS_SEARCH_USER_PATHS = NO;
				CLANG_CXX_LANGUAGE_STANDARD = "gnu++0x";
				CLANG_CXX_LIBRARY = "libc++";
				CLANG_ENABLE_MODULES = YES;
				CLANG_ENABLE_OBJC_ARC = YES;
				CLANG_WARN_BOOL_CONVERSION = YES;
				CLANG_WARN_CONSTANT_CONVERSION = YES;
				CLANG_WARN_DIRECT_OBJC_ISA_USAGE = YES_ERROR;
				CLANG_WARN_EMPTY_BODY = YES;
				CLANG_WARN_ENUM_CONVERSION = YES;
				CLANG_WARN_INT_CONVERSION = YES;
				CLANG_WARN_OBJC_ROOT_CLASS = YES_ERROR;
				CLANG_WARN_UNREACHABLE_CODE = YES;
				CLANG_WARN__DUPLICATE_METHOD_MATCH = YES;
				"CODE_SIGN_IDENTITY[sdk=iphoneos*]" = "iPhone Developer";
				COPY_PHASE_STRIP = YES;
				ENABLE_NS_ASSERTIONS = NO;
				ENABLE_STRICT_OBJC_MSGSEND = YES;
				GCC_C_LANGUAGE_STANDARD = gnu99;
				GCC_WARN_64_TO_32_BIT_CONVERSION = YES;
				GCC_WARN_ABOUT_RETURN_TYPE = YES_ERROR;
				GCC_WARN_UNDECLARED_SELECTOR = YES;
				GCC_WARN_UNINITIALIZED_AUTOS = YES_AGGRESSIVE;
				GCC_WARN_UNUSED_FUNCTION = YES;
				GCC_WARN_UNUSED_VARIABLE = YES;
				IPHONEOS_DEPLOYMENT_TARGET = 8.1;
				MTL_ENABLE_DEBUG_INFO = NO;
				SDKROOT = iphoneos;
				VALIDATE_PRODUCT = YES;
			};
			name = Release;
		};
		C91682471AB605E0001972FD /* Debug */ = {
			isa = XCBuildConfiguration;
			buildSettings = {
				ASSETCATALOG_COMPILER_APPICON_NAME = AppIcon;
				INFOPLIST_FILE = "Pitch Perfect/Info.plist";
				LD_RUNPATH_SEARCH_PATHS = "$(inherited) @executable_path/Frameworks";
				PRODUCT_NAME = "$(TARGET_NAME)";
			};
			name = Debug;
		};
		C91682481AB605E0001972FD /* Release */ = {
			isa = XCBuildConfiguration;
			buildSettings = {
				ASSETCATALOG_COMPILER_APPICON_NAME = AppIcon;
				INFOPLIST_FILE = "Pitch Perfect/Info.plist";
				LD_RUNPATH_SEARCH_PATHS = "$(inherited) @executable_path/Frameworks";
				PRODUCT_NAME = "$(TARGET_NAME)";
			};
			name = Release;
		};
		C916824A1AB605E0001972FD /* Debug */ = {
			isa = XCBuildConfiguration;
			buildSettings = {
				BUNDLE_LOADER = "$(TEST_HOST)";
				FRAMEWORK_SEARCH_PATHS = (
					"$(SDKROOT)/Developer/Library/Frameworks",
					"$(inherited)",
				);
				GCC_PREPROCESSOR_DEFINITIONS = (
					"DEBUG=1",
					"$(inherited)",
				);
				INFOPLIST_FILE = "Pitch PerfectTests/Info.plist";
				LD_RUNPATH_SEARCH_PATHS = "$(inherited) @executable_path/Frameworks @loader_path/Frameworks";
				PRODUCT_NAME = "$(TARGET_NAME)";
				TEST_HOST = "$(BUILT_PRODUCTS_DIR)/Pitch Perfect.app/Pitch Perfect";
			};
			name = Debug;
		};
		C916824B1AB605E0001972FD /* Release */ = {
			isa = XCBuildConfiguration;
			buildSettings = {
				BUNDLE_LOADER = "$(TEST_HOST)";
				FRAMEWORK_SEARCH_PATHS = (
					"$(SDKROOT)/Developer/Library/Frameworks",
					"$(inherited)",
				);
				INFOPLIST_FILE = "Pitch PerfectTests/Info.plist";
				LD_RUNPATH_SEARCH_PATHS = "$(inherited) @executable_path/Frameworks @loader_path/Frameworks";
				PRODUCT_NAME = "$(TARGET_NAME)";
				TEST_HOST = "$(BUILT_PRODUCTS_DIR)/Pitch Perfect.app/Pitch Perfect";
			};
			name = Release;
		};
/* End XCBuildConfiguration section */

/* Begin XCConfigurationList section */
		C91682221AB605DF001972FD /* Build configuration list for PBXProject "Pitch Perfect" */ = {
			isa = XCConfigurationList;
			buildConfigurations = (
				C91682441AB605E0001972FD /* Debug */,
				C91682451AB605E0001972FD /* Release */,
			);
			defaultConfigurationIsVisible = 0;
			defaultConfigurationName = Release;
		};
		C91682461AB605E0001972FD /* Build configuration list for PBXNativeTarget "Pitch Perfect" */ = {
			isa = XCConfigurationList;
			buildConfigurations = (
				C91682471AB605E0001972FD /* Debug */,
				C91682481AB605E0001972FD /* Release */,
			);
			defaultConfigurationIsVisible = 0;
		};
		C91682491AB605E0001972FD /* Build configuration list for PBXNativeTarget "Pitch PerfectTests" */ = {
			isa = XCConfigurationList;
			buildConfigurations = (
				C916824A1AB605E0001972FD /* Debug */,
				C916824B1AB605E0001972FD /* Release */,
			);
			defaultConfigurationIsVisible = 0;
		};
/* End XCConfigurationList section */
	};
	rootObject = C916821F1AB605DF001972FD /* Project object */;
}
